
Microsoft Visual Studio Solution File, Format Version 12.00
# Visual Studio Version 16
VisualStudioVersion = 16.0.34601.136
MinimumVisualStudioVersion = 10.0.40219.1
Project("{8BC9CEB8-8B4A-11D0-8D11-00A0C91BC942}") = "0088. 合并两个有序数组", "88. 合并两个有序数组\88. 合并两个有序数组.vcxproj", "{9C9D6565-03BA-4C74-BC02-D4C31EE2B382}"
EndProject
Project("{8BC9CEB8-8B4A-11D0-8D11-00A0C91BC942}") = "0150. 逆波兰式表达式求值", "150. 逆波兰式表达式求值\150. 逆波兰式表达式求值.vcxproj", "{DF908BB3-2730-4298-A79B-2B29BC353ED8}"
EndProject
Project("{8BC9CEB8-8B4A-11D0-8D11-00A0C91BC942}") = "0027. 移除元素", "27. 移除元素\27. 移除元素.vcxproj", "{DC48B5A5-18D5-4486-95F3-A0AFDD5999E6}"
EndProject
Project("{8BC9CEB8-8B4A-11D0-8D11-00A0C91BC942}") = "0050. POW(x, n)", "050. POW(x, y)\050. POW(x, y).vcxproj", "{8516B54A-C503-4A2C-84F8-94E3FAA95111}"
EndProject
Project("{8BC9CEB8-8B4A-11D0-8D11-00A0C91BC942}") = "0101. 对称二叉树", "101. 对称二叉树\101. 对称二叉树.vcxproj", "{E95B98F8-681B-4591-8932-72D8904E1FDA}"
EndProject
Project("{8BC9CEB8-8B4A-11D0-8D11-00A0C91BC942}") = "0036. 有效的数独", "36. 有效的数独\36. 有效的数独.vcxproj", "{F403A2A1-AA5A-4325-A0B6-D84CF0D25E52}"
EndProject
Project("{8BC9CEB8-8B4A-11D0-8D11-00A0C91BC942}") = "0056. 合并区间", "056. 合并区间\056. 合并区间.vcxproj", "{6775F633-C80A-47AC-95BC-C9472B91F668}"
EndProject
Project("{8BC9CEB8-8B4A-11D0-8D11-00A0C91BC942}") = "0173. 二叉搜索树迭代器", "173. 二叉搜索树迭代器\173. 二叉搜索树迭代器.vcxproj", "{15A11301-1E66-4BD3-8284-F7FC31F1FA6B}"
EndProject
Project("{8BC9CEB8-8B4A-11D0-8D11-00A0C91BC942}") = "0076. 最小覆盖子串", "076. 最小覆盖子串\076. 最小覆盖子串.vcxproj", "{55820EE0-8F3C-465A-A162-5A726CDF999B}"
EndProject
Project("{8BC9CEB8-8B4A-11D0-8D11-00A0C91BC942}") = "0383. 赎金信", "383. 赎金信\383. 赎金信.vcxproj", "{895FEE12-6923-40C0-B61F-8A495A07B431}"
EndProject
Project("{8BC9CEB8-8B4A-11D0-8D11-00A0C91BC942}") = "0331. 验证二叉树的前序序列化", "331. 验证二叉树的前序序列化\331. 验证二叉树的前序序列化.vcxproj", "{0F859775-8AAB-4A5C-B1E9-1B65FD0BA247}"
EndProject
Project("{8BC9CEB8-8B4A-11D0-8D11-00A0C91BC942}") = "0033. 搜索旋转排序数组", "033. 搜索旋转排序数组\033. 搜索旋转排序数组.vcxproj", "{9B3CBE5F-00FA-4406-8BF2-2445B11D47E5}"
EndProject
Project("{8BC9CEB8-8B4A-11D0-8D11-00A0C91BC942}") = "0442. 数组中重复的数据", "442. 数组中重复的数据\442. 数组中重复的数据.vcxproj", "{2BF71B7A-9D93-4E92-9A93-D25EB336999B}"
EndProject
Project("{8BC9CEB8-8B4A-11D0-8D11-00A0C91BC942}") = "染色", "染色\染色.vcxproj", "{70829195-A4C8-440D-99EF-1F12B9301BFA}"
EndProject
Project("{8BC9CEB8-8B4A-11D0-8D11-00A0C91BC942}") = "连表断裂", "连表断裂\连表断裂.vcxproj", "{509CC772-E31C-492E-9DA7-49CDFF0E2BC5}"
EndProject
Project("{8BC9CEB8-8B4A-11D0-8D11-00A0C91BC942}") = "连通图", "连通图\连通图.vcxproj", "{A2BC19E2-4563-4B62-BB3E-CC3EB8201DF0}"
EndProject
Project("{8BC9CEB8-8B4A-11D0-8D11-00A0C91BC942}") = "数组分割", "数组分割\数组分割.vcxproj", "{A093C517-7E8D-4AC1-89A8-E75C93C5F00B}"
EndProject
Project("{8BC9CEB8-8B4A-11D0-8D11-00A0C91BC942}") = "tencent矩阵", "tencent矩阵\tencent矩阵.vcxproj", "{63345D23-E5F5-479B-BEB3-0383FCB336B1}"
EndProject
Project("{8BC9CEB8-8B4A-11D0-8D11-00A0C91BC942}") = "2810. 故障键盘", "2810. 故障键盘\2810. 故障键盘.vcxproj", "{67A78048-D17E-44B9-BB7A-B82FD66E96FF}"
EndProject
Project("{8BC9CEB8-8B4A-11D0-8D11-00A0C91BC942}") = "0289. 生命游戏", "0289. 生命游戏\0289. 生命游戏.vcxproj", "{6CF7968C-4C5E-4B43-83C7-700B0372AC63}"
EndProject
Project("{8BC9CEB8-8B4A-11D0-8D11-00A0C91BC942}") = "0200. 岛屿数量", "0200. 岛屿数量\0200. 岛屿数量.vcxproj", "{DAFEEB01-70A6-4F99-9565-53DFE35647ED}"
EndProject
Project("{8BC9CEB8-8B4A-11D0-8D11-00A0C91BC942}") = "0120. 三角形最小路径和", "0120. 三角形最小路径和\0120. 三角形最小路径和.vcxproj", "{6E3489D9-BC83-4970-8FC7-7633E00A0544}"
EndProject
Project("{8BC9CEB8-8B4A-11D0-8D11-00A0C91BC942}") = "1379. 找出克隆二叉树中的相同节点", "1379. 找出克隆二叉树中的相同节点\1379. 找出克隆二叉树中的相同节点.vcxproj", "{7C140A94-D142-414A-B06A-9A6DBBF4BBF3}"
EndProject
Project("{8BC9CEB8-8B4A-11D0-8D11-00A0C91BC942}") = "0215. 数组中的第K个最大元素", "0215. 数组中的第K个最大元素\0215. 数组中的第K个最大元素.vcxproj", "{90C43A67-1520-4019-9E03-1D30A8693C7D}"
EndProject
Project("{8BC9CEB8-8B4A-11D0-8D11-00A0C91BC942}") = "0894. 所有可能的真二叉树", "0894. 所有可能的真二叉树\0894. 所有可能的真二叉树.vcxproj", "{652FEA30-9FCB-435D-9D44-EEDF28ADE868}"
EndProject
Project("{8BC9CEB8-8B4A-11D0-8D11-00A0C91BC942}") = "2192. 有向无环图中一个节点的所有祖先", "2192. 有向无环图中一个节点的所有祖先\2192. 有向无环图中一个节点的所有祖先.vcxproj", "{D278C42B-E675-431C-9A7B-3E5551B51A58}"
EndProject
Project("{8BC9CEB8-8B4A-11D0-8D11-00A0C91BC942}") = "1702. 修改后的最大二进制字符串", "1702. 修改后的最大二进制字符串\1702. 修改后的最大二进制字符串.vcxproj", "{D9EC504F-9B73-47E1-B370-55D2A1DCF446}"
EndProject
Global
	GlobalSection(SolutionConfigurationPlatforms) = preSolution
		Debug|x64 = Debug|x64
		Debug|x86 = Debug|x86
		Release|x64 = Release|x64
		Release|x86 = Release|x86
	EndGlobalSection
	GlobalSection(ProjectConfigurationPlatforms) = postSolution
		{9C9D6565-03BA-4C74-BC02-D4C31EE2B382}.Debug|x64.ActiveCfg = Debug|x64
		{9C9D6565-03BA-4C74-BC02-D4C31EE2B382}.Debug|x64.Build.0 = Debug|x64
		{9C9D6565-03BA-4C74-BC02-D4C31EE2B382}.Debug|x86.ActiveCfg = Debug|Win32
		{9C9D6565-03BA-4C74-BC02-D4C31EE2B382}.Debug|x86.Build.0 = Debug|Win32
		{9C9D6565-03BA-4C74-BC02-D4C31EE2B382}.Release|x64.ActiveCfg = Release|x64
		{9C9D6565-03BA-4C74-BC02-D4C31EE2B382}.Release|x64.Build.0 = Release|x64
		{9C9D6565-03BA-4C74-BC02-D4C31EE2B382}.Release|x86.ActiveCfg = Release|Win32
		{9C9D6565-03BA-4C74-BC02-D4C31EE2B382}.Release|x86.Build.0 = Release|Win32
		{DF908BB3-2730-4298-A79B-2B29BC353ED8}.Debug|x64.ActiveCfg = Debug|x64
		{DF908BB3-2730-4298-A79B-2B29BC353ED8}.Debug|x64.Build.0 = Debug|x64
		{DF908BB3-2730-4298-A79B-2B29BC353ED8}.Debug|x86.ActiveCfg = Debug|Win32
		{DF908BB3-2730-4298-A79B-2B29BC353ED8}.Debug|x86.Build.0 = Debug|Win32
		{DF908BB3-2730-4298-A79B-2B29BC353ED8}.Release|x64.ActiveCfg = Release|x64
		{DF908BB3-2730-4298-A79B-2B29BC353ED8}.Release|x64.Build.0 = Release|x64
		{DF908BB3-2730-4298-A79B-2B29BC353ED8}.Release|x86.ActiveCfg = Release|Win32
		{DF908BB3-2730-4298-A79B-2B29BC353ED8}.Release|x86.Build.0 = Release|Win32
		{DC48B5A5-18D5-4486-95F3-A0AFDD5999E6}.Debug|x64.ActiveCfg = Debug|x64
		{DC48B5A5-18D5-4486-95F3-A0AFDD5999E6}.Debug|x64.Build.0 = Debug|x64
		{DC48B5A5-18D5-4486-95F3-A0AFDD5999E6}.Debug|x86.ActiveCfg = Debug|Win32
		{DC48B5A5-18D5-4486-95F3-A0AFDD5999E6}.Debug|x86.Build.0 = Debug|Win32
		{DC48B5A5-18D5-4486-95F3-A0AFDD5999E6}.Release|x64.ActiveCfg = Release|x64
		{DC48B5A5-18D5-4486-95F3-A0AFDD5999E6}.Release|x64.Build.0 = Release|x64
		{DC48B5A5-18D5-4486-95F3-A0AFDD5999E6}.Release|x86.ActiveCfg = Release|Win32
		{DC48B5A5-18D5-4486-95F3-A0AFDD5999E6}.Release|x86.Build.0 = Release|Win32
		{8516B54A-C503-4A2C-84F8-94E3FAA95111}.Debug|x64.ActiveCfg = Debug|x64
		{8516B54A-C503-4A2C-84F8-94E3FAA95111}.Debug|x64.Build.0 = Debug|x64
		{8516B54A-C503-4A2C-84F8-94E3FAA95111}.Debug|x86.ActiveCfg = Debug|Win32
		{8516B54A-C503-4A2C-84F8-94E3FAA95111}.Debug|x86.Build.0 = Debug|Win32
		{8516B54A-C503-4A2C-84F8-94E3FAA95111}.Release|x64.ActiveCfg = Release|x64
		{8516B54A-C503-4A2C-84F8-94E3FAA95111}.Release|x64.Build.0 = Release|x64
		{8516B54A-C503-4A2C-84F8-94E3FAA95111}.Release|x86.ActiveCfg = Release|Win32
		{8516B54A-C503-4A2C-84F8-94E3FAA95111}.Release|x86.Build.0 = Release|Win32
		{E95B98F8-681B-4591-8932-72D8904E1FDA}.Debug|x64.ActiveCfg = Debug|x64
		{E95B98F8-681B-4591-8932-72D8904E1FDA}.Debug|x64.Build.0 = Debug|x64
		{E95B98F8-681B-4591-8932-72D8904E1FDA}.Debug|x86.ActiveCfg = Debug|Win32
		{E95B98F8-681B-4591-8932-72D8904E1FDA}.Debug|x86.Build.0 = Debug|Win32
		{E95B98F8-681B-4591-8932-72D8904E1FDA}.Release|x64.ActiveCfg = Release|x64
		{E95B98F8-681B-4591-8932-72D8904E1FDA}.Release|x64.Build.0 = Release|x64
		{E95B98F8-681B-4591-8932-72D8904E1FDA}.Release|x86.ActiveCfg = Release|Win32
		{E95B98F8-681B-4591-8932-72D8904E1FDA}.Release|x86.Build.0 = Release|Win32
		{F403A2A1-AA5A-4325-A0B6-D84CF0D25E52}.Debug|x64.ActiveCfg = Debug|x64
		{F403A2A1-AA5A-4325-A0B6-D84CF0D25E52}.Debug|x64.Build.0 = Debug|x64
		{F403A2A1-AA5A-4325-A0B6-D84CF0D25E52}.Debug|x86.ActiveCfg = Debug|Win32
		{F403A2A1-AA5A-4325-A0B6-D84CF0D25E52}.Debug|x86.Build.0 = Debug|Win32
		{F403A2A1-AA5A-4325-A0B6-D84CF0D25E52}.Release|x64.ActiveCfg = Release|x64
		{F403A2A1-AA5A-4325-A0B6-D84CF0D25E52}.Release|x64.Build.0 = Release|x64
		{F403A2A1-AA5A-4325-A0B6-D84CF0D25E52}.Release|x86.ActiveCfg = Release|Win32
		{F403A2A1-AA5A-4325-A0B6-D84CF0D25E52}.Release|x86.Build.0 = Release|Win32
		{6775F633-C80A-47AC-95BC-C9472B91F668}.Debug|x64.ActiveCfg = Debug|x64
		{6775F633-C80A-47AC-95BC-C9472B91F668}.Debug|x64.Build.0 = Debug|x64
		{6775F633-C80A-47AC-95BC-C9472B91F668}.Debug|x86.ActiveCfg = Debug|Win32
		{6775F633-C80A-47AC-95BC-C9472B91F668}.Debug|x86.Build.0 = Debug|Win32
		{6775F633-C80A-47AC-95BC-C9472B91F668}.Release|x64.ActiveCfg = Release|x64
		{6775F633-C80A-47AC-95BC-C9472B91F668}.Release|x64.Build.0 = Release|x64
		{6775F633-C80A-47AC-95BC-C9472B91F668}.Release|x86.ActiveCfg = Release|Win32
		{6775F633-C80A-47AC-95BC-C9472B91F668}.Release|x86.Build.0 = Release|Win32
		{15A11301-1E66-4BD3-8284-F7FC31F1FA6B}.Debug|x64.ActiveCfg = Debug|x64
		{15A11301-1E66-4BD3-8284-F7FC31F1FA6B}.Debug|x64.Build.0 = Debug|x64
		{15A11301-1E66-4BD3-8284-F7FC31F1FA6B}.Debug|x86.ActiveCfg = Debug|Win32
		{15A11301-1E66-4BD3-8284-F7FC31F1FA6B}.Debug|x86.Build.0 = Debug|Win32
		{15A11301-1E66-4BD3-8284-F7FC31F1FA6B}.Release|x64.ActiveCfg = Release|x64
		{15A11301-1E66-4BD3-8284-F7FC31F1FA6B}.Release|x64.Build.0 = Release|x64
		{15A11301-1E66-4BD3-8284-F7FC31F1FA6B}.Release|x86.ActiveCfg = Release|Win32
		{15A11301-1E66-4BD3-8284-F7FC31F1FA6B}.Release|x86.Build.0 = Release|Win32
		{55820EE0-8F3C-465A-A162-5A726CDF999B}.Debug|x64.ActiveCfg = Debug|x64
		{55820EE0-8F3C-465A-A162-5A726CDF999B}.Debug|x64.Build.0 = Debug|x64
		{55820EE0-8F3C-465A-A162-5A726CDF999B}.Debug|x86.ActiveCfg = Debug|Win32
		{55820EE0-8F3C-465A-A162-5A726CDF999B}.Debug|x86.Build.0 = Debug|Win32
		{55820EE0-8F3C-465A-A162-5A726CDF999B}.Release|x64.ActiveCfg = Release|x64
		{55820EE0-8F3C-465A-A162-5A726CDF999B}.Release|x64.Build.0 = Release|x64
		{55820EE0-8F3C-465A-A162-5A726CDF999B}.Release|x86.ActiveCfg = Release|Win32
		{55820EE0-8F3C-465A-A162-5A726CDF999B}.Release|x86.Build.0 = Release|Win32
		{895FEE12-6923-40C0-B61F-8A495A07B431}.Debug|x64.ActiveCfg = Debug|x64
		{895FEE12-6923-40C0-B61F-8A495A07B431}.Debug|x64.Build.0 = Debug|x64
		{895FEE12-6923-40C0-B61F-8A495A07B431}.Debug|x86.ActiveCfg = Debug|Win32
		{895FEE12-6923-40C0-B61F-8A495A07B431}.Debug|x86.Build.0 = Debug|Win32
		{895FEE12-6923-40C0-B61F-8A495A07B431}.Release|x64.ActiveCfg = Release|x64
		{895FEE12-6923-40C0-B61F-8A495A07B431}.Release|x64.Build.0 = Release|x64
		{895FEE12-6923-40C0-B61F-8A495A07B431}.Release|x86.ActiveCfg = Release|Win32
		{895FEE12-6923-40C0-B61F-8A495A07B431}.Release|x86.Build.0 = Release|Win32
		{0F859775-8AAB-4A5C-B1E9-1B65FD0BA247}.Debug|x64.ActiveCfg = Debug|x64
		{0F859775-8AAB-4A5C-B1E9-1B65FD0BA247}.Debug|x64.Build.0 = Debug|x64
		{0F859775-8AAB-4A5C-B1E9-1B65FD0BA247}.Debug|x86.ActiveCfg = Debug|Win32
		{0F859775-8AAB-4A5C-B1E9-1B65FD0BA247}.Debug|x86.Build.0 = Debug|Win32
		{0F859775-8AAB-4A5C-B1E9-1B65FD0BA247}.Release|x64.ActiveCfg = Release|x64
		{0F859775-8AAB-4A5C-B1E9-1B65FD0BA247}.Release|x64.Build.0 = Release|x64
		{0F859775-8AAB-4A5C-B1E9-1B65FD0BA247}.Release|x86.ActiveCfg = Release|Win32
		{0F859775-8AAB-4A5C-B1E9-1B65FD0BA247}.Release|x86.Build.0 = Release|Win32
		{9B3CBE5F-00FA-4406-8BF2-2445B11D47E5}.Debug|x64.ActiveCfg = Debug|x64
		{9B3CBE5F-00FA-4406-8BF2-2445B11D47E5}.Debug|x64.Build.0 = Debug|x64
		{9B3CBE5F-00FA-4406-8BF2-2445B11D47E5}.Debug|x86.ActiveCfg = Debug|Win32
		{9B3CBE5F-00FA-4406-8BF2-2445B11D47E5}.Debug|x86.Build.0 = Debug|Win32
		{9B3CBE5F-00FA-4406-8BF2-2445B11D47E5}.Release|x64.ActiveCfg = Release|x64
		{9B3CBE5F-00FA-4406-8BF2-2445B11D47E5}.Release|x64.Build.0 = Release|x64
		{9B3CBE5F-00FA-4406-8BF2-2445B11D47E5}.Release|x86.ActiveCfg = Release|Win32
		{9B3CBE5F-00FA-4406-8BF2-2445B11D47E5}.Release|x86.Build.0 = Release|Win32
		{2BF71B7A-9D93-4E92-9A93-D25EB336999B}.Debug|x64.ActiveCfg = Debug|x64
		{2BF71B7A-9D93-4E92-9A93-D25EB336999B}.Debug|x64.Build.0 = Debug|x64
		{2BF71B7A-9D93-4E92-9A93-D25EB336999B}.Debug|x86.ActiveCfg = Debug|Win32
		{2BF71B7A-9D93-4E92-9A93-D25EB336999B}.Debug|x86.Build.0 = Debug|Win32
		{2BF71B7A-9D93-4E92-9A93-D25EB336999B}.Release|x64.ActiveCfg = Release|x64
		{2BF71B7A-9D93-4E92-9A93-D25EB336999B}.Release|x64.Build.0 = Release|x64
		{2BF71B7A-9D93-4E92-9A93-D25EB336999B}.Release|x86.ActiveCfg = Release|Win32
		{2BF71B7A-9D93-4E92-9A93-D25EB336999B}.Release|x86.Build.0 = Release|Win32
		{70829195-A4C8-440D-99EF-1F12B9301BFA}.Debug|x64.ActiveCfg = Debug|x64
		{70829195-A4C8-440D-99EF-1F12B9301BFA}.Debug|x64.Build.0 = Debug|x64
		{70829195-A4C8-440D-99EF-1F12B9301BFA}.Debug|x86.ActiveCfg = Debug|Win32
		{70829195-A4C8-440D-99EF-1F12B9301BFA}.Debug|x86.Build.0 = Debug|Win32
		{70829195-A4C8-440D-99EF-1F12B9301BFA}.Release|x64.ActiveCfg = Release|x64
		{70829195-A4C8-440D-99EF-1F12B9301BFA}.Release|x64.Build.0 = Release|x64
		{70829195-A4C8-440D-99EF-1F12B9301BFA}.Release|x86.ActiveCfg = Release|Win32
		{70829195-A4C8-440D-99EF-1F12B9301BFA}.Release|x86.Build.0 = Release|Win32
		{509CC772-E31C-492E-9DA7-49CDFF0E2BC5}.Debug|x64.ActiveCfg = Debug|x64
		{509CC772-E31C-492E-9DA7-49CDFF0E2BC5}.Debug|x64.Build.0 = Debug|x64
		{509CC772-E31C-492E-9DA7-49CDFF0E2BC5}.Debug|x86.ActiveCfg = Debug|Win32
		{509CC772-E31C-492E-9DA7-49CDFF0E2BC5}.Debug|x86.Build.0 = Debug|Win32
		{509CC772-E31C-492E-9DA7-49CDFF0E2BC5}.Release|x64.ActiveCfg = Release|x64
		{509CC772-E31C-492E-9DA7-49CDFF0E2BC5}.Release|x64.Build.0 = Release|x64
		{509CC772-E31C-492E-9DA7-49CDFF0E2BC5}.Release|x86.ActiveCfg = Release|Win32
		{509CC772-E31C-492E-9DA7-49CDFF0E2BC5}.Release|x86.Build.0 = Release|Win32
		{A2BC19E2-4563-4B62-BB3E-CC3EB8201DF0}.Debug|x64.ActiveCfg = Debug|x64
		{A2BC19E2-4563-4B62-BB3E-CC3EB8201DF0}.Debug|x64.Build.0 = Debug|x64
		{A2BC19E2-4563-4B62-BB3E-CC3EB8201DF0}.Debug|x86.ActiveCfg = Debug|Win32
		{A2BC19E2-4563-4B62-BB3E-CC3EB8201DF0}.Debug|x86.Build.0 = Debug|Win32
		{A2BC19E2-4563-4B62-BB3E-CC3EB8201DF0}.Release|x64.ActiveCfg = Release|x64
		{A2BC19E2-4563-4B62-BB3E-CC3EB8201DF0}.Release|x64.Build.0 = Release|x64
		{A2BC19E2-4563-4B62-BB3E-CC3EB8201DF0}.Release|x86.ActiveCfg = Release|Win32
		{A2BC19E2-4563-4B62-BB3E-CC3EB8201DF0}.Release|x86.Build.0 = Release|Win32
		{A093C517-7E8D-4AC1-89A8-E75C93C5F00B}.Debug|x64.ActiveCfg = Debug|x64
		{A093C517-7E8D-4AC1-89A8-E75C93C5F00B}.Debug|x64.Build.0 = Debug|x64
		{A093C517-7E8D-4AC1-89A8-E75C93C5F00B}.Debug|x86.ActiveCfg = Debug|Win32
		{A093C517-7E8D-4AC1-89A8-E75C93C5F00B}.Debug|x86.Build.0 = Debug|Win32
		{A093C517-7E8D-4AC1-89A8-E75C93C5F00B}.Release|x64.ActiveCfg = Release|x64
		{A093C517-7E8D-4AC1-89A8-E75C93C5F00B}.Release|x64.Build.0 = Release|x64
		{A093C517-7E8D-4AC1-89A8-E75C93C5F00B}.Release|x86.ActiveCfg = Release|Win32
		{A093C517-7E8D-4AC1-89A8-E75C93C5F00B}.Release|x86.Build.0 = Release|Win32
		{63345D23-E5F5-479B-BEB3-0383FCB336B1}.Debug|x64.ActiveCfg = Debug|x64
		{63345D23-E5F5-479B-BEB3-0383FCB336B1}.Debug|x64.Build.0 = Debug|x64
		{63345D23-E5F5-479B-BEB3-0383FCB336B1}.Debug|x86.ActiveCfg = Debug|Win32
		{63345D23-E5F5-479B-BEB3-0383FCB336B1}.Debug|x86.Build.0 = Debug|Win32
		{63345D23-E5F5-479B-BEB3-0383FCB336B1}.Release|x64.ActiveCfg = Release|x64
		{63345D23-E5F5-479B-BEB3-0383FCB336B1}.Release|x64.Build.0 = Release|x64
		{63345D23-E5F5-479B-BEB3-0383FCB336B1}.Release|x86.ActiveCfg = Release|Win32
		{63345D23-E5F5-479B-BEB3-0383FCB336B1}.Release|x86.Build.0 = Release|Win32
		{67A78048-D17E-44B9-BB7A-B82FD66E96FF}.Debug|x64.ActiveCfg = Debug|x64
		{67A78048-D17E-44B9-BB7A-B82FD66E96FF}.Debug|x64.Build.0 = Debug|x64
		{67A78048-D17E-44B9-BB7A-B82FD66E96FF}.Debug|x86.ActiveCfg = Debug|Win32
		{67A78048-D17E-44B9-BB7A-B82FD66E96FF}.Debug|x86.Build.0 = Debug|Win32
		{67A78048-D17E-44B9-BB7A-B82FD66E96FF}.Release|x64.ActiveCfg = Release|x64
		{67A78048-D17E-44B9-BB7A-B82FD66E96FF}.Release|x64.Build.0 = Release|x64
		{67A78048-D17E-44B9-BB7A-B82FD66E96FF}.Release|x86.ActiveCfg = Release|Win32
		{67A78048-D17E-44B9-BB7A-B82FD66E96FF}.Release|x86.Build.0 = Release|Win32
		{6CF7968C-4C5E-4B43-83C7-700B0372AC63}.Debug|x64.ActiveCfg = Debug|x64
		{6CF7968C-4C5E-4B43-83C7-700B0372AC63}.Debug|x64.Build.0 = Debug|x64
		{6CF7968C-4C5E-4B43-83C7-700B0372AC63}.Debug|x86.ActiveCfg = Debug|Win32
		{6CF7968C-4C5E-4B43-83C7-700B0372AC63}.Debug|x86.Build.0 = Debug|Win32
		{6CF7968C-4C5E-4B43-83C7-700B0372AC63}.Release|x64.ActiveCfg = Release|x64
		{6CF7968C-4C5E-4B43-83C7-700B0372AC63}.Release|x64.Build.0 = Release|x64
		{6CF7968C-4C5E-4B43-83C7-700B0372AC63}.Release|x86.ActiveCfg = Release|Win32
		{6CF7968C-4C5E-4B43-83C7-700B0372AC63}.Release|x86.Build.0 = Release|Win32
		{DAFEEB01-70A6-4F99-9565-53DFE35647ED}.Debug|x64.ActiveCfg = Debug|x64
		{DAFEEB01-70A6-4F99-9565-53DFE35647ED}.Debug|x64.Build.0 = Debug|x64
		{DAFEEB01-70A6-4F99-9565-53DFE35647ED}.Debug|x86.ActiveCfg = Debug|Win32
		{DAFEEB01-70A6-4F99-9565-53DFE35647ED}.Debug|x86.Build.0 = Debug|Win32
		{DAFEEB01-70A6-4F99-9565-53DFE35647ED}.Release|x64.ActiveCfg = Release|x64
		{DAFEEB01-70A6-4F99-9565-53DFE35647ED}.Release|x64.Build.0 = Release|x64
		{DAFEEB01-70A6-4F99-9565-53DFE35647ED}.Release|x86.ActiveCfg = Release|Win32
		{DAFEEB01-70A6-4F99-9565-53DFE35647ED}.Release|x86.Build.0 = Release|Win32
		{6E3489D9-BC83-4970-8FC7-7633E00A0544}.Debug|x64.ActiveCfg = Debug|x64
		{6E3489D9-BC83-4970-8FC7-7633E00A0544}.Debug|x64.Build.0 = Debug|x64
		{6E3489D9-BC83-4970-8FC7-7633E00A0544}.Debug|x86.ActiveCfg = Debug|Win32
		{6E3489D9-BC83-4970-8FC7-7633E00A0544}.Debug|x86.Build.0 = Debug|Win32
		{6E3489D9-BC83-4970-8FC7-7633E00A0544}.Release|x64.ActiveCfg = Release|x64
		{6E3489D9-BC83-4970-8FC7-7633E00A0544}.Release|x64.Build.0 = Release|x64
		{6E3489D9-BC83-4970-8FC7-7633E00A0544}.Release|x86.ActiveCfg = Release|Win32
		{6E3489D9-BC83-4970-8FC7-7633E00A0544}.Release|x86.Build.0 = Release|Win32
		{7C140A94-D142-414A-B06A-9A6DBBF4BBF3}.Debug|x64.ActiveCfg = Debug|x64
		{7C140A94-D142-414A-B06A-9A6DBBF4BBF3}.Debug|x64.Build.0 = Debug|x64
		{7C140A94-D142-414A-B06A-9A6DBBF4BBF3}.Debug|x86.ActiveCfg = Debug|Win32
		{7C140A94-D142-414A-B06A-9A6DBBF4BBF3}.Debug|x86.Build.0 = Debug|Win32
		{7C140A94-D142-414A-B06A-9A6DBBF4BBF3}.Release|x64.ActiveCfg = Release|x64
		{7C140A94-D142-414A-B06A-9A6DBBF4BBF3}.Release|x64.Build.0 = Release|x64
		{7C140A94-D142-414A-B06A-9A6DBBF4BBF3}.Release|x86.ActiveCfg = Release|Win32
		{7C140A94-D142-414A-B06A-9A6DBBF4BBF3}.Release|x86.Build.0 = Release|Win32
		{90C43A67-1520-4019-9E03-1D30A8693C7D}.Debug|x64.ActiveCfg = Debug|x64
		{90C43A67-1520-4019-9E03-1D30A8693C7D}.Debug|x64.Build.0 = Debug|x64
		{90C43A67-1520-4019-9E03-1D30A8693C7D}.Debug|x86.ActiveCfg = Debug|Win32
		{90C43A67-1520-4019-9E03-1D30A8693C7D}.Debug|x86.Build.0 = Debug|Win32
		{90C43A67-1520-4019-9E03-1D30A8693C7D}.Release|x64.ActiveCfg = Release|x64
		{90C43A67-1520-4019-9E03-1D30A8693C7D}.Release|x64.Build.0 = Release|x64
		{90C43A67-1520-4019-9E03-1D30A8693C7D}.Release|x86.ActiveCfg = Release|Win32
		{90C43A67-1520-4019-9E03-1D30A8693C7D}.Release|x86.Build.0 = Release|Win32
		{652FEA30-9FCB-435D-9D44-EEDF28ADE868}.Debug|x64.ActiveCfg = Debug|x64
		{652FEA30-9FCB-435D-9D44-EEDF28ADE868}.Debug|x64.Build.0 = Debug|x64
		{652FEA30-9FCB-435D-9D44-EEDF28ADE868}.Debug|x86.ActiveCfg = Debug|Win32
		{652FEA30-9FCB-435D-9D44-EEDF28ADE868}.Debug|x86.Build.0 = Debug|Win32
		{652FEA30-9FCB-435D-9D44-EEDF28ADE868}.Release|x64.ActiveCfg = Release|x64
		{652FEA30-9FCB-435D-9D44-EEDF28ADE868}.Release|x64.Build.0 = Release|x64
		{652FEA30-9FCB-435D-9D44-EEDF28ADE868}.Release|x86.ActiveCfg = Release|Win32
		{652FEA30-9FCB-435D-9D44-EEDF28ADE868}.Release|x86.Build.0 = Release|Win32
		{D278C42B-E675-431C-9A7B-3E5551B51A58}.Debug|x64.ActiveCfg = Debug|x64
		{D278C42B-E675-431C-9A7B-3E5551B51A58}.Debug|x64.Build.0 = Debug|x64
		{D278C42B-E675-431C-9A7B-3E5551B51A58}.Debug|x86.ActiveCfg = Debug|Win32
		{D278C42B-E675-431C-9A7B-3E5551B51A58}.Debug|x86.Build.0 = Debug|Win32
		{D278C42B-E675-431C-9A7B-3E5551B51A58}.Release|x64.ActiveCfg = Release|x64
		{D278C42B-E675-431C-9A7B-3E5551B51A58}.Release|x64.Build.0 = Release|x64
		{D278C42B-E675-431C-9A7B-3E5551B51A58}.Release|x86.ActiveCfg = Release|Win32
		{D278C42B-E675-431C-9A7B-3E5551B51A58}.Release|x86.Build.0 = Release|Win32
		{D9EC504F-9B73-47E1-B370-55D2A1DCF446}.Debug|x64.ActiveCfg = Debug|x64
		{D9EC504F-9B73-47E1-B370-55D2A1DCF446}.Debug|x64.Build.0 = Debug|x64
		{D9EC504F-9B73-47E1-B370-55D2A1DCF446}.Debug|x86.ActiveCfg = Debug|Win32
		{D9EC504F-9B73-47E1-B370-55D2A1DCF446}.Debug|x86.Build.0 = Debug|Win32
		{D9EC504F-9B73-47E1-B370-55D2A1DCF446}.Release|x64.ActiveCfg = Release|x64
		{D9EC504F-9B73-47E1-B370-55D2A1DCF446}.Release|x64.Build.0 = Release|x64
		{D9EC504F-9B73-47E1-B370-55D2A1DCF446}.Release|x86.ActiveCfg = Release|Win32
		{D9EC504F-9B73-47E1-B370-55D2A1DCF446}.Release|x86.Build.0 = Release|Win32
	EndGlobalSection
	GlobalSection(SolutionProperties) = preSolution
		HideSolutionNode = FALSE
	EndGlobalSection
	GlobalSection(ExtensibilityGlobals) = postSolution
		SolutionGuid = {68B53AB7-A891-4CD2-9B03-845CCCE9175D}
	EndGlobalSection
EndGlobal
